
Microsoft Visual Studio Solution File, Format Version 12.00
# Visual Studio Version 16
VisualStudioVersion = 16.0.30804.86
MinimumVisualStudioVersion = 10.0.40219.1
Project("{8BC9CEB8-8B4A-11D0-8D11-00A0C91BC942}") = "BinaryTree", "BinaryTree.vcxproj", "{339411E6-F571-4799-8463-498B99449770}"
EndProject
Global
	GlobalSection(SolutionConfigurationPlatforms) = preSolution
		Debug|x64 = Debug|x64
		Debug|x86 = Debug|x86
		Release|x64 = Release|x64
		Release|x86 = Release|x86
	EndGlobalSection
	GlobalSection(ProjectConfigurationPlatforms) = postSolution
		{339411E6-F571-4799-8463-498B99449770}.Debug|x64.ActiveCfg = Debug|x64
		{339411E6-F571-4799-8463-498B99449770}.Debug|x64.Build.0 = Debug|x64
		{339411E6-F571-4799-8463-498B99449770}.Debug|x86.ActiveCfg = Debug|Win32
		{339411E6-F571-4799-8463-498B99449770}.Debug|x86.Build.0 = Debug|Win32
		{339411E6-F571-4799-8463-498B99449770}.Release|x64.ActiveCfg = Release|x64
		{339411E6-F571-4799-8463-498B99449770}.Release|x64.Build.0 = Release|x64
		{339411E6-F571-4799-8463-498B99449770}.Release|x86.ActiveCfg = Release|Win32
		{339411E6-F571-4799-8463-498B99449770}.Release|x86.Build.0 = Release|Win32
	EndGlobalSection
	GlobalSection(SolutionProperties) = preSolution
		HideSolutionNode = FALSE
	EndGlobalSection
	GlobalSection(ExtensibilityGlobals) = postSolution
		SolutionGuid = {AC89D435-ABA0-4389-BFAC-66D86C9BCA1F}
	EndGlobalSection
EndGlobal
